
Microsoft Visual Studio Solution File, Format Version 12.00
# Visual Studio 15
VisualStudioVersion = 15.0.27004.2002
MinimumVisualStudioVersion = 10.0.40219.1
Project("{9A19103F-16F7-4668-BE54-9A1E7A4F7556}") = "SecureSign.Web", "SecureSign.Web\SecureSign.Web.csproj", "{BD40EDCD-D078-47FA-B426-543819A3F950}"
EndProject
Project("{9A19103F-16F7-4668-BE54-9A1E7A4F7556}") = "SecureSign.Tools", "SecureSign.Tools\SecureSign.Tools.csproj", "{A821615E-5E26-4053-B167-8010A0688C61}"
EndProject
Project("{9A19103F-16F7-4668-BE54-9A1E7A4F7556}") = "SecureSign.Core", "SecureSign.Core\SecureSign.Core.csproj", "{03D50CFA-CFD7-4CBD-AE9E-0340077C86A3}"
EndProject
Project("{2150E333-8FDC-42A3-9474-1A3956D46DE8}") = "Misc", "Misc", "{B91FF362-B137-4D1E-8891-C1DFFFF5E890}"
	ProjectSection(SolutionItems) = preProject
		..\.gitignore = ..\.gitignore
		..\appsettings.json = ..\appsettings.json
		..\publish.sh = ..\publish.sh
		..\README.md = ..\README.md
	EndProjectSection
EndProject
Global
	GlobalSection(SolutionConfigurationPlatforms) = preSolution
		Debug|Any CPU = Debug|Any CPU
		Release|Any CPU = Release|Any CPU
	EndGlobalSection
	GlobalSection(ProjectConfigurationPlatforms) = postSolution
		{BD40EDCD-D078-47FA-B426-543819A3F950}.Debug|Any CPU.ActiveCfg = Debug|Any CPU
		{BD40EDCD-D078-47FA-B426-543819A3F950}.Debug|Any CPU.Build.0 = Debug|Any CPU
		{BD40EDCD-D078-47FA-B426-543819A3F950}.Release|Any CPU.ActiveCfg = Release|Any CPU
		{BD40EDCD-D078-47FA-B426-543819A3F950}.Release|Any CPU.Build.0 = Release|Any CPU
		{A821615E-5E26-4053-B167-8010A0688C61}.Debug|Any CPU.ActiveCfg = Debug|Any CPU
		{A821615E-5E26-4053-B167-8010A0688C61}.Debug|Any CPU.Build.0 = Debug|Any CPU
		{A821615E-5E26-4053-B167-8010A0688C61}.Release|Any CPU.ActiveCfg = Release|Any CPU
		{A821615E-5E26-4053-B167-8010A0688C61}.Release|Any CPU.Build.0 = Release|Any CPU
		{03D50CFA-CFD7-4CBD-AE9E-0340077C86A3}.Debug|Any CPU.ActiveCfg = Debug|Any CPU
		{03D50CFA-CFD7-4CBD-AE9E-0340077C86A3}.Debug|Any CPU.Build.0 = Debug|Any CPU
		{03D50CFA-CFD7-4CBD-AE9E-0340077C86A3}.Release|Any CPU.ActiveCfg = Release|Any CPU
		{03D50CFA-CFD7-4CBD-AE9E-0340077C86A3}.Release|Any CPU.Build.0 = Release|Any CPU
	EndGlobalSection
	GlobalSection(SolutionProperties) = preSolution
		HideSolutionNode = FALSE
	EndGlobalSection
	GlobalSection(ExtensibilityGlobals) = postSolution
		SolutionGuid = {8C75950D-4FFD-495E-A25B-9A9E497A249B}
	EndGlobalSection
EndGlobal
